// !$*UTF8*$!
{
	archiveVersion = 1;
	classes = {
	};
	objectVersion = 56;
	objects = {

/* Begin PBXBuildFile section */
		CB30A7A52A4E04E8008B72F5 /* ImageDetailViewController.swift in Sources */ = {isa = PBXBuildFile; fileRef = CB30A7A42A4E04E8008B72F5 /* ImageDetailViewController.swift */; };
		CB332B0A2A5460F20022590C /* KeychainAccess in Frameworks */ = {isa = PBXBuildFile; productRef = CB332B092A5460F20022590C /* KeychainAccess */; };
		CBB67FC52A4F0E4100FD3F6D /* ContentType.swift in Sources */ = {isa = PBXBuildFile; fileRef = CBB67FC42A4F0E4100FD3F6D /* ContentType.swift */; };
		CBEC19262A4DAAF30049406B /* AppDelegate.swift in Sources */ = {isa = PBXBuildFile; fileRef = CBEC19252A4DAAF30049406B /* AppDelegate.swift */; };
		CBEC19282A4DAAF30049406B /* SceneDelegate.swift in Sources */ = {isa = PBXBuildFile; fileRef = CBEC19272A4DAAF30049406B /* SceneDelegate.swift */; };
		CBEC192D2A4DAAF30049406B /* Main.storyboard in Resources */ = {isa = PBXBuildFile; fileRef = CBEC192B2A4DAAF30049406B /* Main.storyboard */; };
		CBEC192F2A4DAAF30049406B /* Assets.xcassets in Resources */ = {isa = PBXBuildFile; fileRef = CBEC192E2A4DAAF30049406B /* Assets.xcassets */; };
		CBEC19322A4DAAF30049406B /* LaunchScreen.storyboard in Resources */ = {isa = PBXBuildFile; fileRef = CBEC19302A4DAAF30049406B /* LaunchScreen.storyboard */; };
		CBEC193A2A4DAB350049406B /* DocumentsTableViewController.swift in Sources */ = {isa = PBXBuildFile; fileRef = CBEC19392A4DAB350049406B /* DocumentsTableViewController.swift */; };
		CBEC193C2A4DAB8C0049406B /* FileMangerHelper.swift in Sources */ = {isa = PBXBuildFile; fileRef = CBEC193B2A4DAB8C0049406B /* FileMangerHelper.swift */; };
/* End PBXBuildFile section */

/* Begin PBXFileReference section */
		CB30A7A42A4E04E8008B72F5 /* ImageDetailViewController.swift */ = {isa = PBXFileReference; lastKnownFileType = sourcecode.swift; path = ImageDetailViewController.swift; sourceTree = "<group>"; };
		CBB67FC42A4F0E4100FD3F6D /* ContentType.swift */ = {isa = PBXFileReference; lastKnownFileType = sourcecode.swift; path = ContentType.swift; sourceTree = "<group>"; };
		CBEC19222A4DAAF30049406B /* Documents 2.0.app */ = {isa = PBXFileReference; explicitFileType = wrapper.application; includeInIndex = 0; path = "Documents 2.0.app"; sourceTree = BUILT_PRODUCTS_DIR; };
		CBEC19252A4DAAF30049406B /* AppDelegate.swift */ = {isa = PBXFileReference; lastKnownFileType = sourcecode.swift; path = AppDelegate.swift; sourceTree = "<group>"; };
		CBEC19272A4DAAF30049406B /* SceneDelegate.swift */ = {isa = PBXFileReference; lastKnownFileType = sourcecode.swift; path = SceneDelegate.swift; sourceTree = "<group>"; };
		CBEC192C2A4DAAF30049406B /* Base */ = {isa = PBXFileReference; lastKnownFileType = file.storyboard; name = Base; path = Base.lproj/Main.storyboard; sourceTree = "<group>"; };
		CBEC192E2A4DAAF30049406B /* Assets.xcassets */ = {isa = PBXFileReference; lastKnownFileType = folder.assetcatalog; path = Assets.xcassets; sourceTree = "<group>"; };
		CBEC19312A4DAAF30049406B /* Base */ = {isa = PBXFileReference; lastKnownFileType = file.storyboard; name = Base; path = Base.lproj/LaunchScreen.storyboard; sourceTree = "<group>"; };
		CBEC19332A4DAAF30049406B /* Info.plist */ = {isa = PBXFileReference; lastKnownFileType = text.plist.xml; path = Info.plist; sourceTree = "<group>"; };
		CBEC19392A4DAB350049406B /* DocumentsTableViewController.swift */ = {isa = PBXFileReference; lastKnownFileType = sourcecode.swift; path = DocumentsTableViewController.swift; sourceTree = "<group>"; };
		CBEC193B2A4DAB8C0049406B /* FileMangerHelper.swift */ = {isa = PBXFileReference; lastKnownFileType = sourcecode.swift; path = FileMangerHelper.swift; sourceTree = "<group>"; };
/* End PBXFileReference section */

/* Begin PBXFrameworksBuildPhase section */
		CBEC191F2A4DAAF30049406B /* Frameworks */ = {
			isa = PBXFrameworksBuildPhase;
			buildActionMask = 2147483647;
			files = (
				CB332B0A2A5460F20022590C /* KeychainAccess in Frameworks */,
			);
			runOnlyForDeploymentPostprocessing = 0;
		};
/* End PBXFrameworksBuildPhase section */

/* Begin PBXGroup section */
		CBEC19192A4DAAF30049406B = {
			isa = PBXGroup;
			children = (
				CBEC19242A4DAAF30049406B /* Documents 2.0 */,
				CBEC19232A4DAAF30049406B /* Products */,
			);
			sourceTree = "<group>";
		};
		CBEC19232A4DAAF30049406B /* Products */ = {
			isa = PBXGroup;
			children = (
				CBEC19222A4DAAF30049406B /* Documents 2.0.app */,
			);
			name = Products;
			sourceTree = "<group>";
		};
		CBEC19242A4DAAF30049406B /* Documents 2.0 */ = {
			isa = PBXGroup;
			children = (
				CBEC19252A4DAAF30049406B /* AppDelegate.swift */,
				CBEC19272A4DAAF30049406B /* SceneDelegate.swift */,
				CBB67FC42A4F0E4100FD3F6D /* ContentType.swift */,
				CBEC193B2A4DAB8C0049406B /* FileMangerHelper.swift */,
				CBEC19392A4DAB350049406B /* DocumentsTableViewController.swift */,
				CB30A7A42A4E04E8008B72F5 /* ImageDetailViewController.swift */,
				CBEC192B2A4DAAF30049406B /* Main.storyboard */,
				CBEC192E2A4DAAF30049406B /* Assets.xcassets */,
				CBEC19302A4DAAF30049406B /* LaunchScreen.storyboard */,
				CBEC19332A4DAAF30049406B /* Info.plist */,
			);
			path = "Documents 2.0";
			sourceTree = "<group>";
		};
/* End PBXGroup section */

/* Begin PBXNativeTarget section */
		CBEC19212A4DAAF30049406B /* Documents 2.0 */ = {
			isa = PBXNativeTarget;
			buildConfigurationList = CBEC19362A4DAAF30049406B /* Build configuration list for PBXNativeTarget "Documents 2.0" */;
			buildPhases = (
				CBEC191E2A4DAAF30049406B /* Sources */,
				CBEC191F2A4DAAF30049406B /* Frameworks */,
				CBEC19202A4DAAF30049406B /* Resources */,
			);
			buildRules = (
			);
			dependencies = (
			);
			name = "Documents 2.0";
			packageProductDependencies = (
				CB332B092A5460F20022590C /* KeychainAccess */,
			);
			productName = "Documents 2.0";
			productReference = CBEC19222A4DAAF30049406B /* Documents 2.0.app */;
			productType = "com.apple.product-type.application";
		};
/* End PBXNativeTarget section */

/* Begin PBXProject section */
		CBEC191A2A4DAAF30049406B /* Project object */ = {
			isa = PBXProject;
			attributes = {
				BuildIndependentTargetsInParallel = 1;
				LastSwiftUpdateCheck = 1500;
				LastUpgradeCheck = 1500;
				TargetAttributes = {
					CBEC19212A4DAAF30049406B = {
						CreatedOnToolsVersion = 15.0;
					};
				};
			};
			buildConfigurationList = CBEC191D2A4DAAF30049406B /* Build configuration list for PBXProject "Documents 2.0" */;
			compatibilityVersion = "Xcode 14.0";
			developmentRegion = en;
			hasScannedForEncodings = 0;
			knownRegions = (
				en,
				Base,
			);
			mainGroup = CBEC19192A4DAAF30049406B;
			packageReferences = (
				CB332B082A5460F20022590C /* XCRemoteSwiftPackageReference "KeychainAccess" */,
			);
			productRefGroup = CBEC19232A4DAAF30049406B /* Products */;
			projectDirPath = "";
			projectRoot = "";
			targets = (
				CBEC19212A4DAAF30049406B /* Documents 2.0 */,
			);
		};
/* End PBXProject section */

/* Begin PBXResourcesBuildPhase section */
		CBEC19202A4DAAF30049406B /* Resources */ = {
			isa = PBXResourcesBuildPhase;
			buildActionMask = 2147483647;
			files = (
				CBEC19322A4DAAF30049406B /* LaunchScreen.storyboard in Resources */,
				CBEC192F2A4DAAF30049406B /* Assets.xcassets in Resources */,
				CBEC192D2A4DAAF30049406B /* Main.storyboard in Resources */,
			);
			runOnlyForDeploymentPostprocessing = 0;
		};
/* End PBXResourcesBuildPhase section */

/* Begin PBXSourcesBuildPhase section */
		CBEC191E2A4DAAF30049406B /* Sources */ = {
			isa = PBXSourcesBuildPhase;
			buildActionMask = 2147483647;
			files = (
				CBEC19262A4DAAF30049406B /* AppDelegate.swift in Sources */,
				CBEC193A2A4DAB350049406B /* DocumentsTableViewController.swift in Sources */,
				CBEC19282A4DAAF30049406B /* SceneDelegate.swift in Sources */,
				CBEC193C2A4DAB8C0049406B /* FileMangerHelper.swift in Sources */,
				CB30A7A52A4E04E8008B72F5 /* ImageDetailViewController.swift in Sources */,
				CBB67FC52A4F0E4100FD3F6D /* ContentType.swift in Sources */,
			);
			runOnlyForDeploymentPostprocessing = 0;
		};
/* End PBXSourcesBuildPhase section */

/* Begin PBXVariantGroup section */
		CBEC192B2A4DAAF30049406B /* Main.storyboard */ = {
			isa = PBXVariantGroup;
			children = (
				CBEC192C2A4DAAF30049406B /* Base */,
			);
			name = Main.storyboard;
			sourceTree = "<group>";
		};
		CBEC19302A4DAAF30049406B /* LaunchScreen.storyboard */ = {
			isa = PBXVariantGroup;
			children = (
				CBEC19312A4DAAF30049406B /* Base */,
			);
			name = LaunchScreen.storyboard;
			sourceTree = "<group>";
		};
/* End PBXVariantGroup section */

/* Begin XCBuildConfiguration section */
		CBEC19342A4DAAF30049406B /* Debug */ = {
			isa = XCBuildConfiguration;
			buildSettings = {
				ALWAYS_SEARCH_USER_PATHS = NO;
				ASSETCATALOG_COMPILER_GENERATE_SWIFT_ASSET_SYMBOL_EXTENSIONS = YES;
				CLANG_ANALYZER_NONNULL = YES;
				CLANG_ANALYZER_NUMBER_OBJECT_CONVERSION = YES_AGGRESSIVE;
				CLANG_CXX_LANGUAGE_STANDARD = "gnu++20";
				CLANG_ENABLE_MODULES = YES;
				CLANG_ENABLE_OBJC_ARC = YES;
				CLANG_ENABLE_OBJC_WEAK = YES;
				CLANG_WARN_BLOCK_CAPTURE_AUTORELEASING = YES;
				CLANG_WARN_BOOL_CONVERSION = YES;
				CLANG_WARN_COMMA = YES;
				CLANG_WARN_CONSTANT_CONVERSION = YES;
				CLANG_WARN_DEPRECATED_OBJC_IMPLEMENTATIONS = YES;
				CLANG_WARN_DIRECT_OBJC_ISA_USAGE = YES_ERROR;
				CLANG_WARN_DOCUMENTATION_COMMENTS = YES;
				CLANG_WARN_EMPTY_BODY = YES;
				CLANG_WARN_ENUM_CONVERSION = YES;
				CLANG_WARN_INFINITE_RECURSION = YES;
				CLANG_WARN_INT_CONVERSION = YES;
				CLANG_WARN_NON_LITERAL_NULL_CONVERSION = YES;
				CLANG_WARN_OBJC_IMPLICIT_RETAIN_SELF = YES;
				CLANG_WARN_OBJC_LITERAL_CONVERSION = YES;
				CLANG_WARN_OBJC_ROOT_CLASS = YES_ERROR;
				CLANG_WARN_QUOTED_INCLUDE_IN_FRAMEWORK_HEADER = YES;
				CLANG_WARN_RANGE_LOOP_ANALYSIS = YES;
				CLANG_WARN_STRICT_PROTOTYPES = YES;
				CLANG_WARN_SUSPICIOUS_MOVE = YES;
				CLANG_WARN_UNGUARDED_AVAILABILITY = YES_AGGRESSIVE;
				CLANG_WARN_UNREACHABLE_CODE = YES;
				CLANG_WARN__DUPLICATE_METHOD_MATCH = YES;
				COPY_PHASE_STRIP = NO;
				DEBUG_INFORMATION_FORMAT = dwarf;
				ENABLE_STRICT_OBJC_MSGSEND = YES;
				ENABLE_TESTABILITY = YES;
				ENABLE_USER_SCRIPT_SANDBOXING = YES;
				GCC_C_LANGUAGE_STANDARD = gnu17;
				GCC_DYNAMIC_NO_PIC = NO;
				GCC_NO_COMMON_BLOCKS = YES;
				GCC_OPTIMIZATION_LEVEL = 0;
				GCC_PREPROCESSOR_DEFINITIONS = (
					"DEBUG=1",
					"$(inherited)",
				);
				GCC_WARN_64_TO_32_BIT_CONVERSION = YES;
				GCC_WARN_ABOUT_RETURN_TYPE = YES_ERROR;
				GCC_WARN_UNDECLARED_SELECTOR = YES;
				GCC_WARN_UNINITIALIZED_AUTOS = YES_AGGRESSIVE;
				GCC_WARN_UNUSED_FUNCTION = YES;
				GCC_WARN_UNUSED_VARIABLE = YES;
				IPHONEOS_DEPLOYMENT_TARGET = 17.0;
				LOCALIZATION_PREFERS_STRING_CATALOGS = YES;
				MTL_ENABLE_DEBUG_INFO = INCLUDE_SOURCE;
				MTL_FAST_MATH = YES;
				ONLY_ACTIVE_ARCH = YES;
				SDKROOT = iphoneos;
				SWIFT_ACTIVE_COMPILATION_CONDITIONS = "DEBUG $(inherited)";
				SWIFT_OPTIMIZATION_LEVEL = "-Onone";
			};
			name = Debug;
		};
		CBEC19352A4DAAF30049406B /* Release */ = {
			isa = XCBuildConfiguration;
			buildSettings = {
				ALWAYS_SEARCH_USER_PATHS = NO;
				ASSETCATALOG_COMPILER_GENERATE_SWIFT_ASSET_SYMBOL_EXTENSIONS = YES;
				CLANG_ANALYZER_NONNULL = YES;
				CLANG_ANALYZER_NUMBER_OBJECT_CONVERSION = YES_AGGRESSIVE;
				CLANG_CXX_LANGUAGE_STANDARD = "gnu++20";
				CLANG_ENABLE_MODULES = YES;
				CLANG_ENABLE_OBJC_ARC = YES;
				CLANG_ENABLE_OBJC_WEAK = YES;
				CLANG_WARN_BLOCK_CAPTURE_AUTORELEASING = YES;
				CLANG_WARN_BOOL_CONVERSION = YES;
				CLANG_WARN_COMMA = YES;
				CLANG_WARN_CONSTANT_CONVERSION = YES;
				CLANG_WARN_DEPRECATED_OBJC_IMPLEMENTATIONS = YES;
				CLANG_WARN_DIRECT_OBJC_ISA_USAGE = YES_ERROR;
				CLANG_WARN_DOCUMENTATION_COMMENTS = YES;
				CLANG_WARN_EMPTY_BODY = YES;
				CLANG_WARN_ENUM_CONVERSION = YES;
				CLANG_WARN_INFINITE_RECURSION = YES;
				CLANG_WARN_INT_CONVERSION = YES;
				CLANG_WARN_NON_LITERAL_NULL_CONVERSION = YES;
				CLANG_WARN_OBJC_IMPLICIT_RETAIN_SELF = YES;
				CLANG_WARN_OBJC_LITERAL_CONVERSION = YES;
				CLANG_WARN_OBJC_ROOT_CLASS = YES_ERROR;
				CLANG_WARN_QUOTED_INCLUDE_IN_FRAMEWORK_HEADER = YES;
				CLANG_WARN_RANGE_LOOP_ANALYSIS = YES;
				CLANG_WARN_STRICT_PROTOTYPES = YES;
				CLANG_WARN_SUSPICIOUS_MOVE = YES;
				CLANG_WARN_UNGUARDED_AVAILABILITY = YES_AGGRESSIVE;
				CLANG_WARN_UNREACHABLE_CODE = YES;
				CLANG_WARN__DUPLICATE_METHOD_MATCH = YES;
				COPY_PHASE_STRIP = NO;
				DEBUG_INFORMATION_FORMAT = "dwarf-with-dsym";
				ENABLE_NS_ASSERTIONS = NO;
				ENABLE_STRICT_OBJC_MSGSEND = YES;
				ENABLE_USER_SCRIPT_SANDBOXING = YES;
				GCC_C_LANGUAGE_STANDARD = gnu17;
				GCC_NO_COMMON_BLOCKS = YES;
				GCC_WARN_64_TO_32_BIT_CONVERSION = YES;
				GCC_WARN_ABOUT_RETURN_TYPE = YES_ERROR;
				GCC_WARN_UNDECLARED_SELECTOR = YES;
				GCC_WARN_UNINITIALIZED_AUTOS = YES_AGGRESSIVE;
				GCC_WARN_UNUSED_FUNCTION = YES;
				GCC_WARN_UNUSED_VARIABLE = YES;
				IPHONEOS_DEPLOYMENT_TARGET = 17.0;
				LOCALIZATION_PREFERS_STRING_CATALOGS = YES;
				MTL_ENABLE_DEBUG_INFO = NO;
				MTL_FAST_MATH = YES;
				SDKROOT = iphoneos;
				SWIFT_COMPILATION_MODE = wholemodule;
				VALIDATE_PRODUCT = YES;
			};
			name = Release;
		};
		CBEC19372A4DAAF30049406B /* Debug */ = {
			isa = XCBuildConfiguration;
			buildSettings = {
				ASSETCATALOG_COMPILER_APPICON_NAME = AppIcon;
				ASSETCATALOG_COMPILER_GLOBAL_ACCENT_COLOR_NAME = AccentColor;
				CODE_SIGN_STYLE = Automatic;
				CURRENT_PROJECT_VERSION = 1;
				DEVELOPMENT_TEAM = 5JY83H55A5;
				GENERATE_INFOPLIST_FILE = YES;
				INFOPLIST_FILE = "Documents 2.0/Info.plist";
				INFOPLIST_KEY_UIApplicationSupportsIndirectInputEvents = YES;
				INFOPLIST_KEY_UILaunchStoryboardName = LaunchScreen;
				INFOPLIST_KEY_UIMainStoryboardFile = Main;
				INFOPLIST_KEY_UISupportedInterfaceOrientations_iPad = "UIInterfaceOrientationPortrait UIInterfaceOrientationPortraitUpsideDown UIInterfaceOrientationLandscapeLeft UIInterfaceOrientationLandscapeRight";
				INFOPLIST_KEY_UISupportedInterfaceOrientations_iPhone = "UIInterfaceOrientationPortrait UIInterfaceOrientationLandscapeLeft UIInterfaceOrientationLandscapeRight";
				IPHONEOS_DEPLOYMENT_TARGET = 16.0;
				LD_RUNPATH_SEARCH_PATHS = (
					"$(inherited)",
					"@executable_path/Frameworks",
				);
				MARKETING_VERSION = 1.0;
				PRODUCT_BUNDLE_IDENTIFIER = "ru.apbrandom.Documents-2-0";
				PRODUCT_NAME = "$(TARGET_NAME)";
				SWIFT_EMIT_LOC_STRINGS = YES;
				SWIFT_VERSION = 5.0;
				TARGETED_DEVICE_FAMILY = "1,2";
			};
			name = Debug;
		};
		CBEC19382A4DAAF30049406B /* Release */ = {
			isa = XCBuildConfiguration;
			buildSettings = {
				ASSETCATALOG_COMPILER_APPICON_NAME = AppIcon;
				ASSETCATALOG_COMPILER_GLOBAL_ACCENT_COLOR_NAME = AccentColor;
				CODE_SIGN_STYLE = Automatic;
				CURRENT_PROJECT_VERSION = 1;
				DEVELOPMENT_TEAM = 5JY83H55A5;
				GENERATE_INFOPLIST_FILE = YES;
				INFOPLIST_FILE = "Documents 2.0/Info.plist";
				INFOPLIST_KEY_UIApplicationSupportsIndirectInputEvents = YES;
				INFOPLIST_KEY_UILaunchStoryboardName = LaunchScreen;
				INFOPLIST_KEY_UIMainStoryboardFile = Main;
				INFOPLIST_KEY_UISupportedInterfaceOrientations_iPad = "UIInterfaceOrientationPortrait UIInterfaceOrientationPortraitUpsideDown UIInterfaceOrientationLandscapeLeft UIInterfaceOrientationLandscapeRight";
				INFOPLIST_KEY_UISupportedInterfaceOrientations_iPhone = "UIInterfaceOrientationPortrait UIInterfaceOrientationLandscapeLeft UIInterfaceOrientationLandscapeRight";
				IPHONEOS_DEPLOYMENT_TARGET = 16.0;
				LD_RUNPATH_SEARCH_PATHS = (
					"$(inherited)",
					"@executable_path/Frameworks",
				);
				MARKETING_VERSION = 1.0;
				PRODUCT_BUNDLE_IDENTIFIER = "ru.apbrandom.Documents-2-0";
				PRODUCT_NAME = "$(TARGET_NAME)";
				SWIFT_EMIT_LOC_STRINGS = YES;
				SWIFT_VERSION = 5.0;
				TARGETED_DEVICE_FAMILY = "1,2";
			};
			name = Release;
		};
/* End XCBuildConfiguration section */

/* Begin XCConfigurationList section */
		CBEC191D2A4DAAF30049406B /* Build configuration list for PBXProject "Documents 2.0" */ = {
			isa = XCConfigurationList;
			buildConfigurations = (
				CBEC19342A4DAAF30049406B /* Debug */,
				CBEC19352A4DAAF30049406B /* Release */,
			);
			defaultConfigurationIsVisible = 0;
			defaultConfigurationName = Release;
		};
		CBEC19362A4DAAF30049406B /* Build configuration list for PBXNativeTarget "Documents 2.0" */ = {
			isa = XCConfigurationList;
			buildConfigurations = (
				CBEC19372A4DAAF30049406B /* Debug */,
				CBEC19382A4DAAF30049406B /* Release */,
			);
			defaultConfigurationIsVisible = 0;
			defaultConfigurationName = Release;
		};
/* End XCConfigurationList section */

/* Begin XCRemoteSwiftPackageReference section */
		CB332B082A5460F20022590C /* XCRemoteSwiftPackageReference "KeychainAccess" */ = {
			isa = XCRemoteSwiftPackageReference;
			repositoryURL = "https://github.com/kishikawakatsumi/KeychainAccess.git";
			requirement = {
				branch = master;
				kind = branch;
			};
		};
/* End XCRemoteSwiftPackageReference section */

/* Begin XCSwiftPackageProductDependency section */
		CB332B092A5460F20022590C /* KeychainAccess */ = {
			isa = XCSwiftPackageProductDependency;
			package = CB332B082A5460F20022590C /* XCRemoteSwiftPackageReference "KeychainAccess" */;
			productName = KeychainAccess;
		};
/* End XCSwiftPackageProductDependency section */
	};
	rootObject = CBEC191A2A4DAAF30049406B /* Project object */;
}
